// !$*UTF8*$!
{
	archiveVersion = 1;
	classes = {
	};
	objectVersion = 50;
	objects = {

/* Begin PBXBuildFile section */
		2971E98A2411E49000E92AC3 /* StateController.swift in Sources */ = {isa = PBXBuildFile; fileRef = 2971E9892411E49000E92AC3 /* StateController.swift */; };
		2971E99024171B4200E92AC3 /* WarbandExplorerViewController.swift in Sources */ = {isa = PBXBuildFile; fileRef = 2971E98F24171B4200E92AC3 /* WarbandExplorerViewController.swift */; };
		297D9F6523FA2CA40010575A /* AppDelegate.swift in Sources */ = {isa = PBXBuildFile; fileRef = 297D9F6423FA2CA40010575A /* AppDelegate.swift */; };
		297D9F6723FA2CA40010575A /* SceneDelegate.swift in Sources */ = {isa = PBXBuildFile; fileRef = 297D9F6623FA2CA40010575A /* SceneDelegate.swift */; };
		297D9F6E23FA2CA60010575A /* Assets.xcassets in Resources */ = {isa = PBXBuildFile; fileRef = 297D9F6D23FA2CA60010575A /* Assets.xcassets */; };
		297D9F7123FA2CA60010575A /* LaunchScreen.storyboard in Resources */ = {isa = PBXBuildFile; fileRef = 297D9F6F23FA2CA60010575A /* LaunchScreen.storyboard */; };
		297D9F7C23FA2CA60010575A /* GTCompanionTests.swift in Sources */ = {isa = PBXBuildFile; fileRef = 297D9F7B23FA2CA60010575A /* GTCompanionTests.swift */; };
		297D9F8723FA2CA60010575A /* GTCompanionUITests.swift in Sources */ = {isa = PBXBuildFile; fileRef = 297D9F8623FA2CA60010575A /* GTCompanionUITests.swift */; };
		29919629241726960003B8EB /* CECohortRosterViewController.swift in Sources */ = {isa = PBXBuildFile; fileRef = 29919628241726960003B8EB /* CECohortRosterViewController.swift */; };
		2991962B241738270003B8EB /* WEWarbandViewController.swift in Sources */ = {isa = PBXBuildFile; fileRef = 2991962A241738270003B8EB /* WEWarbandViewController.swift */; };
		29AC151D2404A261004760B5 /* SettingsViewController.swift in Sources */ = {isa = PBXBuildFile; fileRef = 29AC151C2404A261004760B5 /* SettingsViewController.swift */; };
		29AC151F2404A294004760B5 /* UIViewExtension.swift in Sources */ = {isa = PBXBuildFile; fileRef = 29AC151E2404A294004760B5 /* UIViewExtension.swift */; };
		29AC15212404A2CB004760B5 /* StaticTextCell.swift in Sources */ = {isa = PBXBuildFile; fileRef = 29AC15202404A2CB004760B5 /* StaticTextCell.swift */; };
		29AC15232404A2E4004760B5 /* UITableViewExtension.swift in Sources */ = {isa = PBXBuildFile; fileRef = 29AC15222404A2E4004760B5 /* UITableViewExtension.swift */; };
		29AC15252404A343004760B5 /* godtear_companion_iOS_launchscreen.png in Resources */ = {isa = PBXBuildFile; fileRef = 29AC15242404A343004760B5 /* godtear_companion_iOS_launchscreen.png */; };
		29AC152C2404A3B5004760B5 /* CECohortViewController.swift in Sources */ = {isa = PBXBuildFile; fileRef = 29AC15262404A3B5004760B5 /* CECohortViewController.swift */; };
		29AC152D2404A3B5004760B5 /* CohortsExplorerViewController.swift in Sources */ = {isa = PBXBuildFile; fileRef = 29AC15272404A3B5004760B5 /* CohortsExplorerViewController.swift */; };
		29AC152E2404A3B5004760B5 /* CETraitViewController.swift in Sources */ = {isa = PBXBuildFile; fileRef = 29AC15282404A3B5004760B5 /* CETraitViewController.swift */; };
		29AC15302404A3B5004760B5 /* CohortsExplorerCohortExtension.swift in Sources */ = {isa = PBXBuildFile; fileRef = 29AC152A2404A3B5004760B5 /* CohortsExplorerCohortExtension.swift */; };
		29AC15312404A3B5004760B5 /* CECardImageStore.swift in Sources */ = {isa = PBXBuildFile; fileRef = 29AC152B2404A3B5004760B5 /* CECardImageStore.swift */; };
		29AC159C240759D4004760B5 /* HexlingsClash.png in Resources */ = {isa = PBXBuildFile; fileRef = 29AC1534240759D4004760B5 /* HexlingsClash.png */; };
		29AC159D240759D4004760B5 /* RattleboneClash.png in Resources */ = {isa = PBXBuildFile; fileRef = 29AC1535240759D4004760B5 /* RattleboneClash.png */; };
		29AC159E240759D4004760B5 /* RattleboneLegendaryUnused.png in Resources */ = {isa = PBXBuildFile; fileRef = 29AC1536240759D4004760B5 /* RattleboneLegendaryUnused.png */; };
		29AC159F240759D4004760B5 /* HexlingsPlot.png in Resources */ = {isa = PBXBuildFile; fileRef = 29AC1537240759D4004760B5 /* HexlingsPlot.png */; };
		29AC15A0240759D4004760B5 /* RattleboneLegendaryUsed.png in Resources */ = {isa = PBXBuildFile; fileRef = 29AC1538240759D4004760B5 /* RattleboneLegendaryUsed.png */; };
		29AC15A1240759D4004760B5 /* RattlebonePlot.png in Resources */ = {isa = PBXBuildFile; fileRef = 29AC1539240759D4004760B5 /* RattlebonePlot.png */; };
		29AC15A2240759D4004760B5 /* RhodriClash.png in Resources */ = {isa = PBXBuildFile; fileRef = 29AC153B240759D4004760B5 /* RhodriClash.png */; };
		29AC15A3240759D4004760B5 /* RhodriLegendaryUnused.png in Resources */ = {isa = PBXBuildFile; fileRef = 29AC153C240759D4004760B5 /* RhodriLegendaryUnused.png */; };
		29AC15A4240759D4004760B5 /* HouseholdGuardPlot.png in Resources */ = {isa = PBXBuildFile; fileRef = 29AC153D240759D4004760B5 /* HouseholdGuardPlot.png */; };
		29AC15A5240759D4004760B5 /* RhodriLegendaryUsed.png in Resources */ = {isa = PBXBuildFile; fileRef = 29AC153E240759D4004760B5 /* RhodriLegendaryUsed.png */; };
		29AC15A6240759D4004760B5 /* HouseholdGuardClash.png in Resources */ = {isa = PBXBuildFile; fileRef = 29AC153F240759D4004760B5 /* HouseholdGuardClash.png */; };
		29AC15A7240759D4004760B5 /* RhodriPlot.png in Resources */ = {isa = PBXBuildFile; fileRef = 29AC1540240759D4004760B5 /* RhodriPlot.png */; };
		29AC15A8240759D4004760B5 /* ColdBonesClash.png in Resources */ = {isa = PBXBuildFile; fileRef = 29AC1542240759D4004760B5 /* ColdBonesClash.png */; };
		29AC15A9240759D4004760B5 /* MorriganLegendaryUsed.png in Resources */ = {isa = PBXBuildFile; fileRef = 29AC1543240759D4004760B5 /* MorriganLegendaryUsed.png */; };
		29AC15AA240759D4004760B5 /* MorriganLegendaryUnused.png in Resources */ = {isa = PBXBuildFile; fileRef = 29AC1544240759D4004760B5 /* MorriganLegendaryUnused.png */; };
		29AC15AB240759D4004760B5 /* MorriganPlot.png in Resources */ = {isa = PBXBuildFile; fileRef = 29AC1545240759D4004760B5 /* MorriganPlot.png */; };
		29AC15AC240759D4004760B5 /* ColdBonesPlot.png in Resources */ = {isa = PBXBuildFile; fileRef = 29AC1546240759D4004760B5 /* ColdBonesPlot.png */; };
		29AC15AD240759D4004760B5 /* MorriganClash.png in Resources */ = {isa = PBXBuildFile; fileRef = 29AC1547240759D4004760B5 /* MorriganClash.png */; };
		29AC15AE240759D4004760B5 /* SneakyPeetLegendaryUsed.png in Resources */ = {isa = PBXBuildFile; fileRef = 29AC1549240759D4004760B5 /* SneakyPeetLegendaryUsed.png */; };
		29AC15AF240759D4004760B5 /* SneakyStabbersClash.png in Resources */ = {isa = PBXBuildFile; fileRef = 29AC154A240759D4004760B5 /* SneakyStabbersClash.png */; };
		29AC15B0240759D4004760B5 /* SneakyPeetPlot.png in Resources */ = {isa = PBXBuildFile; fileRef = 29AC154B240759D4004760B5 /* SneakyPeetPlot.png */; };
		29AC15B1240759D4004760B5 /* SneakyPeetLegendaryUnused.png in Resources */ = {isa = PBXBuildFile; fileRef = 29AC154C240759D4004760B5 /* SneakyPeetLegendaryUnused.png */; };
		29AC15B2240759D4004760B5 /* SneakyPeetClash.png in Resources */ = {isa = PBXBuildFile; fileRef = 29AC154D240759D4004760B5 /* SneakyPeetClash.png */; };
		29AC15B3240759D4004760B5 /* SneakyStabbersPlot.png in Resources */ = {isa = PBXBuildFile; fileRef = 29AC154E240759D4004760B5 /* SneakyStabbersPlot.png */; };
		29AC15B4240759D4004760B5 /* GrimgutLegendaryUnused.png in Resources */ = {isa = PBXBuildFile; fileRef = 29AC1550240759D4004760B5 /* GrimgutLegendaryUnused.png */; };
		29AC15B5240759D4004760B5 /* RetchlingsClash.png in Resources */ = {isa = PBXBuildFile; fileRef = 29AC1551240759D4004760B5 /* RetchlingsClash.png */; };
		29AC15B6240759D4004760B5 /* RetchlingsPlot.png in Resources */ = {isa = PBXBuildFile; fileRef = 29AC1552240759D4004760B5 /* RetchlingsPlot.png */; };
		29AC15B7240759D4004760B5 /* GrimgutPlot.png in Resources */ = {isa = PBXBuildFile; fileRef = 29AC1553240759D4004760B5 /* GrimgutPlot.png */; };
		29AC15B8240759D4004760B5 /* GrimgutClash.png in Resources */ = {isa = PBXBuildFile; fileRef = 29AC1554240759D4004760B5 /* GrimgutClash.png */; };
		29AC15B9240759D4004760B5 /* GrimgutLegendaryUsed.png in Resources */ = {isa = PBXBuildFile; fileRef = 29AC1555240759D4004760B5 /* GrimgutLegendaryUsed.png */; };
		29AC15BA240759D4004760B5 /* TitusLegendaryUnused.png in Resources */ = {isa = PBXBuildFile; fileRef = 29AC1557240759D4004760B5 /* TitusLegendaryUnused.png */; };
		29AC15BB240759D4004760B5 /* TitusClash.png in Resources */ = {isa = PBXBuildFile; fileRef = 29AC1558240759D4004760B5 /* TitusClash.png */; };
		29AC15BC240759D4004760B5 /* TitusLegendaryUsed.png in Resources */ = {isa = PBXBuildFile; fileRef = 29AC1559240759D4004760B5 /* TitusLegendaryUsed.png */; };
		29AC15BD240759D4004760B5 /* TitusPlot.png in Resources */ = {isa = PBXBuildFile; fileRef = 29AC155A240759D4004760B5 /* TitusPlot.png */; };
		29AC15BE240759D4004760B5 /* GlorySeekersClash.png in Resources */ = {isa = PBXBuildFile; fileRef = 29AC155B240759D4004760B5 /* GlorySeekersClash.png */; };
		29AC15BF240759D4004760B5 /* GlorySeekersPlot.png in Resources */ = {isa = PBXBuildFile; fileRef = 29AC155C240759D4004760B5 /* GlorySeekersPlot.png */; };
		29AC15C0240759D4004760B5 /* RangoshPlot.png in Resources */ = {isa = PBXBuildFile; fileRef = 29AC155E240759D4004760B5 /* RangoshPlot.png */; };
		29AC15C1240759D4004760B5 /* RedBanditsPlot.png in Resources */ = {isa = PBXBuildFile; fileRef = 29AC155F240759D4004760B5 /* RedBanditsPlot.png */; };
		29AC15C2240759D4004760B5 /* RangoshLegendaryUnused.png in Resources */ = {isa = PBXBuildFile; fileRef = 29AC1560240759D4004760B5 /* RangoshLegendaryUnused.png */; };
		29AC15C3240759D4004760B5 /* RangoshClash.png in Resources */ = {isa = PBXBuildFile; fileRef = 29AC1561240759D4004760B5 /* RangoshClash.png */; };
		29AC15C4240759D4004760B5 /* RangoshLegendaryUsed.png in Resources */ = {isa = PBXBuildFile; fileRef = 29AC1562240759D4004760B5 /* RangoshLegendaryUsed.png */; };
		29AC15C5240759D4004760B5 /* RedBanditsClash.png in Resources */ = {isa = PBXBuildFile; fileRef = 29AC1563240759D4004760B5 /* RedBanditsClash.png */; };
		29AC15C6240759D4004760B5 /* MournbladeLegendaryUsed.png in Resources */ = {isa = PBXBuildFile; fileRef = 29AC1565240759D4004760B5 /* MournbladeLegendaryUsed.png */; };
		29AC15C7240759D4004760B5 /* MournbladePlot.png in Resources */ = {isa = PBXBuildFile; fileRef = 29AC1566240759D4004760B5 /* MournbladePlot.png */; };
		29AC15C8240759D4004760B5 /* MournbladeLegendaryUnused.png in Resources */ = {isa = PBXBuildFile; fileRef = 29AC1567240759D4004760B5 /* MournbladeLegendaryUnused.png */; };
		29AC15C9240759D4004760B5 /* KnightshadesClash.png in Resources */ = {isa = PBXBuildFile; fileRef = 29AC1568240759D4004760B5 /* KnightshadesClash.png */; };
		29AC15CA240759D4004760B5 /* KnightshadesPlot.png in Resources */ = {isa = PBXBuildFile; fileRef = 29AC1569240759D4004760B5 /* KnightshadesPlot.png */; };
		29AC15CB240759D4004760B5 /* MournbladeClash.png in Resources */ = {isa = PBXBuildFile; fileRef = 29AC156A240759D4004760B5 /* MournbladeClash.png */; };
		29AC15CC240759D4004760B5 /* NiaClash.png in Resources */ = {isa = PBXBuildFile; fileRef = 29AC156C240759D4004760B5 /* NiaClash.png */; };
		29AC15CD240759D4004760B5 /* NiaPlot.png in Resources */ = {isa = PBXBuildFile; fileRef = 29AC156D240759D4004760B5 /* NiaPlot.png */; };
		29AC15CE240759D4004760B5 /* NiaLegendaryUsed.png in Resources */ = {isa = PBXBuildFile; fileRef = 29AC156E240759D4004760B5 /* NiaLegendaryUsed.png */; };
		29AC15CF240759D4004760B5 /* QuartzlingsClash.png in Resources */ = {isa = PBXBuildFile; fileRef = 29AC156F240759D4004760B5 /* QuartzlingsClash.png */; };
		29AC15D0240759D4004760B5 /* QuartzlingsPlot.png in Resources */ = {isa = PBXBuildFile; fileRef = 29AC1570240759D4004760B5 /* QuartzlingsPlot.png */; };
		29AC15D1240759D4004760B5 /* NiaLegendaryUnused.png in Resources */ = {isa = PBXBuildFile; fileRef = 29AC1571240759D4004760B5 /* NiaLegendaryUnused.png */; };
		29AC15D2240759D4004760B5 /* ShayleLegendaryUsed.png in Resources */ = {isa = PBXBuildFile; fileRef = 29AC1573240759D4004760B5 /* ShayleLegendaryUsed.png */; };
		29AC15D3240759D4004760B5 /* LandslideClash.png in Resources */ = {isa = PBXBuildFile; fileRef = 29AC1574240759D4004760B5 /* LandslideClash.png */; };
		29AC15D4240759D4004760B5 /* LandslidePlot.png in Resources */ = {isa = PBXBuildFile; fileRef = 29AC1575240759D4004760B5 /* LandslidePlot.png */; };
		29AC15D5240759D4004760B5 /* ShaylePlot.png in Resources */ = {isa = PBXBuildFile; fileRef = 29AC1576240759D4004760B5 /* ShaylePlot.png */; };
		29AC15D6240759D4004760B5 /* ShayleClash.png in Resources */ = {isa = PBXBuildFile; fileRef = 29AC1577240759D4004760B5 /* ShayleClash.png */; };
		29AC15D7240759D4004760B5 /* ShayleLegendaryUnused.png in Resources */ = {isa = PBXBuildFile; fileRef = 29AC1578240759D4004760B5 /* ShayleLegendaryUnused.png */; };
		29AC15D8240759D4004760B5 /* BlackjawLegendaryUnused.png in Resources */ = {isa = PBXBuildFile; fileRef = 29AC157A240759D4004760B5 /* BlackjawLegendaryUnused.png */; };
		29AC15D9240759D4004760B5 /* BlackjawPlot.png in Resources */ = {isa = PBXBuildFile; fileRef = 29AC157B240759D4004760B5 /* BlackjawPlot.png */; };
		29AC15DA240759D4004760B5 /* UnburntReaversPlot.png in Resources */ = {isa = PBXBuildFile; fileRef = 29AC157C240759D4004760B5 /* UnburntReaversPlot.png */; };
		29AC15DB240759D4004760B5 /* BlackjawClash.png in Resources */ = {isa = PBXBuildFile; fileRef = 29AC157D240759D4004760B5 /* BlackjawClash.png */; };
		29AC15DC240759D4004760B5 /* BlackjawLegendaryUsed.png in Resources */ = {isa = PBXBuildFile; fileRef = 29AC157E240759D4004760B5 /* BlackjawLegendaryUsed.png */; };
		29AC15DD240759D4004760B5 /* UnburntReaversClash.png in Resources */ = {isa = PBXBuildFile; fileRef = 29AC157F240759D4004760B5 /* UnburntReaversClash.png */; };
		29AC15DE240759D4004760B5 /* ShadowSentinelsClash.png in Resources */ = {isa = PBXBuildFile; fileRef = 29AC1581240759D4004760B5 /* ShadowSentinelsClash.png */; };
		29AC15DF240759D4004760B5 /* FinvarrLegendaryUnused.png in Resources */ = {isa = PBXBuildFile; fileRef = 29AC1582240759D4004760B5 /* FinvarrLegendaryUnused.png */; };
		29AC15E0240759D4004760B5 /* FinvarrPlot.png in Resources */ = {isa = PBXBuildFile; fileRef = 29AC1583240759D4004760B5 /* FinvarrPlot.png */; };
		29AC15E1240759D4004760B5 /* FinvarrLegendaryUsed.png in Resources */ = {isa = PBXBuildFile; fileRef = 29AC1584240759D4004760B5 /* FinvarrLegendaryUsed.png */; };
		29AC15E2240759D4004760B5 /* FinvarrClash.png in Resources */ = {isa = PBXBuildFile; fileRef = 29AC1585240759D4004760B5 /* FinvarrClash.png */; };
		29AC15E3240759D4004760B5 /* ShadowSentinelsPlot.png in Resources */ = {isa = PBXBuildFile; fileRef = 29AC1586240759D4004760B5 /* ShadowSentinelsPlot.png */; };
		29AC15E4240759D4004760B5 /* RaithMaridClash.png in Resources */ = {isa = PBXBuildFile; fileRef = 29AC1588240759D4004760B5 /* RaithMaridClash.png */; };
		29AC15E5240759D4004760B5 /* RaithMaridPlot.png in Resources */ = {isa = PBXBuildFile; fileRef = 29AC1589240759D4004760B5 /* RaithMaridPlot.png */; };
		29AC15E6240759D4004760B5 /* RaithMaridLegendaryUnused.png in Resources */ = {isa = PBXBuildFile; fileRef = 29AC158A240759D4004760B5 /* RaithMaridLegendaryUnused.png */; };
		29AC15E7240759D4004760B5 /* SplashlingsClash.png in Resources */ = {isa = PBXBuildFile; fileRef = 29AC158B240759D4004760B5 /* SplashlingsClash.png */; };
		29AC15E8240759D4004760B5 /* RaithMaridLegendaryUsed.png in Resources */ = {isa = PBXBuildFile; fileRef = 29AC158C240759D4004760B5 /* RaithMaridLegendaryUsed.png */; };
		29AC15E9240759D4004760B5 /* SplashlingsPlot.png in Resources */ = {isa = PBXBuildFile; fileRef = 29AC158D240759D4004760B5 /* SplashlingsPlot.png */; };
		29AC15EA240759D4004760B5 /* FroglodytesClash.png in Resources */ = {isa = PBXBuildFile; fileRef = 29AC158F240759D4004760B5 /* FroglodytesClash.png */; };
		29AC15EB240759D4004760B5 /* HalftuskClash.png in Resources */ = {isa = PBXBuildFile; fileRef = 29AC1590240759D4004760B5 /* HalftuskClash.png */; };
		29AC15EC240759D4004760B5 /* FroglodytesPlot.png in Resources */ = {isa = PBXBuildFile; fileRef = 29AC1591240759D4004760B5 /* FroglodytesPlot.png */; };
		29AC15ED240759D4004760B5 /* HalftuskPlot.png in Resources */ = {isa = PBXBuildFile; fileRef = 29AC1592240759D4004760B5 /* HalftuskPlot.png */; };
		29AC15EE240759D4004760B5 /* HalftuskLegendaryUsed.png in Resources */ = {isa = PBXBuildFile; fileRef = 29AC1593240759D4004760B5 /* HalftuskLegendaryUsed.png */; };
		29AC15EF240759D4004760B5 /* HalftuskLegendaryUnused.png in Resources */ = {isa = PBXBuildFile; fileRef = 29AC1594240759D4004760B5 /* HalftuskLegendaryUnused.png */; };
		29AC15F0240759D4004760B5 /* MistwoodRangersPlot.png in Resources */ = {isa = PBXBuildFile; fileRef = 29AC1596240759D4004760B5 /* MistwoodRangersPlot.png */; };
		29AC15F1240759D4004760B5 /* MistwoodRangersClash.png in Resources */ = {isa = PBXBuildFile; fileRef = 29AC1597240759D4004760B5 /* MistwoodRangersClash.png */; };
		29AC15F2240759D4004760B5 /* LorsannLegendaryUnused.png in Resources */ = {isa = PBXBuildFile; fileRef = 29AC1598240759D4004760B5 /* LorsannLegendaryUnused.png */; };
		29AC15F3240759D4004760B5 /* LorsannLegendaryUsed.png in Resources */ = {isa = PBXBuildFile; fileRef = 29AC1599240759D4004760B5 /* LorsannLegendaryUsed.png */; };
		29AC15F4240759D4004760B5 /* LorsannClash.png in Resources */ = {isa = PBXBuildFile; fileRef = 29AC159A240759D4004760B5 /* LorsannClash.png */; };
		29AC15F5240759D4004760B5 /* LorsannPlot.png in Resources */ = {isa = PBXBuildFile; fileRef = 29AC159B240759D4004760B5 /* LorsannPlot.png */; };
		869FD172BEB1B263A30A0A53 /* Pods_GTCompanion.framework in Frameworks */ = {isa = PBXBuildFile; fileRef = 66257586769B55831EBBDF4C /* Pods_GTCompanion.framework */; };
/* End PBXBuildFile section */

/* Begin PBXContainerItemProxy section */
		297D9F7823FA2CA60010575A /* PBXContainerItemProxy */ = {
			isa = PBXContainerItemProxy;
			containerPortal = 297D9F5923FA2CA40010575A /* Project object */;
			proxyType = 1;
			remoteGlobalIDString = 297D9F6023FA2CA40010575A;
			remoteInfo = GTCompanion;
		};
		297D9F8323FA2CA60010575A /* PBXContainerItemProxy */ = {
			isa = PBXContainerItemProxy;
			containerPortal = 297D9F5923FA2CA40010575A /* Project object */;
			proxyType = 1;
			remoteGlobalIDString = 297D9F6023FA2CA40010575A;
			remoteInfo = GTCompanion;
		};
/* End PBXContainerItemProxy section */

/* Begin PBXFileReference section */
		2971E9892411E49000E92AC3 /* StateController.swift */ = {isa = PBXFileReference; lastKnownFileType = sourcecode.swift; path = StateController.swift; sourceTree = "<group>"; };
		2971E98F24171B4200E92AC3 /* WarbandExplorerViewController.swift */ = {isa = PBXFileReference; lastKnownFileType = sourcecode.swift; path = WarbandExplorerViewController.swift; sourceTree = "<group>"; };
		297D9F6123FA2CA40010575A /* GTCompanion.app */ = {isa = PBXFileReference; explicitFileType = wrapper.application; includeInIndex = 0; path = GTCompanion.app; sourceTree = BUILT_PRODUCTS_DIR; };
		297D9F6423FA2CA40010575A /* AppDelegate.swift */ = {isa = PBXFileReference; lastKnownFileType = sourcecode.swift; path = AppDelegate.swift; sourceTree = "<group>"; };
		297D9F6623FA2CA40010575A /* SceneDelegate.swift */ = {isa = PBXFileReference; lastKnownFileType = sourcecode.swift; path = SceneDelegate.swift; sourceTree = "<group>"; };
		297D9F6D23FA2CA60010575A /* Assets.xcassets */ = {isa = PBXFileReference; lastKnownFileType = folder.assetcatalog; path = Assets.xcassets; sourceTree = "<group>"; };
		297D9F7023FA2CA60010575A /* Base */ = {isa = PBXFileReference; lastKnownFileType = file.storyboard; name = Base; path = Base.lproj/LaunchScreen.storyboard; sourceTree = "<group>"; };
		297D9F7223FA2CA60010575A /* Info.plist */ = {isa = PBXFileReference; lastKnownFileType = text.plist.xml; path = Info.plist; sourceTree = "<group>"; };
		297D9F7723FA2CA60010575A /* GTCompanionTests.xctest */ = {isa = PBXFileReference; explicitFileType = wrapper.cfbundle; includeInIndex = 0; path = GTCompanionTests.xctest; sourceTree = BUILT_PRODUCTS_DIR; };
		297D9F7B23FA2CA60010575A /* GTCompanionTests.swift */ = {isa = PBXFileReference; lastKnownFileType = sourcecode.swift; path = GTCompanionTests.swift; sourceTree = "<group>"; };
		297D9F7D23FA2CA60010575A /* Info.plist */ = {isa = PBXFileReference; lastKnownFileType = text.plist.xml; path = Info.plist; sourceTree = "<group>"; };
		297D9F8223FA2CA60010575A /* GTCompanionUITests.xctest */ = {isa = PBXFileReference; explicitFileType = wrapper.cfbundle; includeInIndex = 0; path = GTCompanionUITests.xctest; sourceTree = BUILT_PRODUCTS_DIR; };
		297D9F8623FA2CA60010575A /* GTCompanionUITests.swift */ = {isa = PBXFileReference; lastKnownFileType = sourcecode.swift; path = GTCompanionUITests.swift; sourceTree = "<group>"; };
		297D9F8823FA2CA60010575A /* Info.plist */ = {isa = PBXFileReference; lastKnownFileType = text.plist.xml; path = Info.plist; sourceTree = "<group>"; };
		29919628241726960003B8EB /* CECohortRosterViewController.swift */ = {isa = PBXFileReference; lastKnownFileType = sourcecode.swift; path = CECohortRosterViewController.swift; sourceTree = "<group>"; };
		2991962A241738270003B8EB /* WEWarbandViewController.swift */ = {isa = PBXFileReference; lastKnownFileType = sourcecode.swift; path = WEWarbandViewController.swift; sourceTree = "<group>"; };
		29AC151C2404A261004760B5 /* SettingsViewController.swift */ = {isa = PBXFileReference; lastKnownFileType = sourcecode.swift; path = SettingsViewController.swift; sourceTree = "<group>"; };
		29AC151E2404A294004760B5 /* UIViewExtension.swift */ = {isa = PBXFileReference; lastKnownFileType = sourcecode.swift; path = UIViewExtension.swift; sourceTree = "<group>"; };
		29AC15202404A2CB004760B5 /* StaticTextCell.swift */ = {isa = PBXFileReference; lastKnownFileType = sourcecode.swift; path = StaticTextCell.swift; sourceTree = "<group>"; };
		29AC15222404A2E4004760B5 /* UITableViewExtension.swift */ = {isa = PBXFileReference; lastKnownFileType = sourcecode.swift; path = UITableViewExtension.swift; sourceTree = "<group>"; };
		29AC15242404A343004760B5 /* godtear_companion_iOS_launchscreen.png */ = {isa = PBXFileReference; lastKnownFileType = image.png; path = godtear_companion_iOS_launchscreen.png; sourceTree = "<group>"; };
		29AC15262404A3B5004760B5 /* CECohortViewController.swift */ = {isa = PBXFileReference; fileEncoding = 4; lastKnownFileType = sourcecode.swift; path = CECohortViewController.swift; sourceTree = "<group>"; };
		29AC15272404A3B5004760B5 /* CohortsExplorerViewController.swift */ = {isa = PBXFileReference; fileEncoding = 4; lastKnownFileType = sourcecode.swift; path = CohortsExplorerViewController.swift; sourceTree = "<group>"; };
		29AC15282404A3B5004760B5 /* CETraitViewController.swift */ = {isa = PBXFileReference; fileEncoding = 4; lastKnownFileType = sourcecode.swift; path = CETraitViewController.swift; sourceTree = "<group>"; };
		29AC152A2404A3B5004760B5 /* CohortsExplorerCohortExtension.swift */ = {isa = PBXFileReference; fileEncoding = 4; lastKnownFileType = sourcecode.swift; path = CohortsExplorerCohortExtension.swift; sourceTree = "<group>"; };
		29AC152B2404A3B5004760B5 /* CECardImageStore.swift */ = {isa = PBXFileReference; fileEncoding = 4; lastKnownFileType = sourcecode.swift; path = CECardImageStore.swift; sourceTree = "<group>"; };
		29AC1534240759D4004760B5 /* HexlingsClash.png */ = {isa = PBXFileReference; lastKnownFileType = image.png; path = HexlingsClash.png; sourceTree = "<group>"; };
		29AC1535240759D4004760B5 /* RattleboneClash.png */ = {isa = PBXFileReference; lastKnownFileType = image.png; path = RattleboneClash.png; sourceTree = "<group>"; };
		29AC1536240759D4004760B5 /* RattleboneLegendaryUnused.png */ = {isa = PBXFileReference; lastKnownFileType = image.png; path = RattleboneLegendaryUnused.png; sourceTree = "<group>"; };
		29AC1537240759D4004760B5 /* HexlingsPlot.png */ = {isa = PBXFileReference; lastKnownFileType = image.png; path = HexlingsPlot.png; sourceTree = "<group>"; };
		29AC1538240759D4004760B5 /* RattleboneLegendaryUsed.png */ = {isa = PBXFileReference; lastKnownFileType = image.png; path = RattleboneLegendaryUsed.png; sourceTree = "<group>"; };
		29AC1539240759D4004760B5 /* RattlebonePlot.png */ = {isa = PBXFileReference; lastKnownFileType = image.png; path = RattlebonePlot.png; sourceTree = "<group>"; };
		29AC153B240759D4004760B5 /* RhodriClash.png */ = {isa = PBXFileReference; lastKnownFileType = image.png; path = RhodriClash.png; sourceTree = "<group>"; };
		29AC153C240759D4004760B5 /* RhodriLegendaryUnused.png */ = {isa = PBXFileReference; lastKnownFileType = image.png; path = RhodriLegendaryUnused.png; sourceTree = "<group>"; };
		29AC153D240759D4004760B5 /* HouseholdGuardPlot.png */ = {isa = PBXFileReference; lastKnownFileType = image.png; path = HouseholdGuardPlot.png; sourceTree = "<group>"; };
		29AC153E240759D4004760B5 /* RhodriLegendaryUsed.png */ = {isa = PBXFileReference; lastKnownFileType = image.png; path = RhodriLegendaryUsed.png; sourceTree = "<group>"; };
		29AC153F240759D4004760B5 /* HouseholdGuardClash.png */ = {isa = PBXFileReference; lastKnownFileType = image.png; path = HouseholdGuardClash.png; sourceTree = "<group>"; };
		29AC1540240759D4004760B5 /* RhodriPlot.png */ = {isa = PBXFileReference; lastKnownFileType = image.png; path = RhodriPlot.png; sourceTree = "<group>"; };
		29AC1542240759D4004760B5 /* ColdBonesClash.png */ = {isa = PBXFileReference; lastKnownFileType = image.png; path = ColdBonesClash.png; sourceTree = "<group>"; };
		29AC1543240759D4004760B5 /* MorriganLegendaryUsed.png */ = {isa = PBXFileReference; lastKnownFileType = image.png; path = MorriganLegendaryUsed.png; sourceTree = "<group>"; };
		29AC1544240759D4004760B5 /* MorriganLegendaryUnused.png */ = {isa = PBXFileReference; lastKnownFileType = image.png; path = MorriganLegendaryUnused.png; sourceTree = "<group>"; };
		29AC1545240759D4004760B5 /* MorriganPlot.png */ = {isa = PBXFileReference; lastKnownFileType = image.png; path = MorriganPlot.png; sourceTree = "<group>"; };
		29AC1546240759D4004760B5 /* ColdBonesPlot.png */ = {isa = PBXFileReference; lastKnownFileType = image.png; path = ColdBonesPlot.png; sourceTree = "<group>"; };
		29AC1547240759D4004760B5 /* MorriganClash.png */ = {isa = PBXFileReference; lastKnownFileType = image.png; path = MorriganClash.png; sourceTree = "<group>"; };
		29AC1549240759D4004760B5 /* SneakyPeetLegendaryUsed.png */ = {isa = PBXFileReference; lastKnownFileType = image.png; path = SneakyPeetLegendaryUsed.png; sourceTree = "<group>"; };
		29AC154A240759D4004760B5 /* SneakyStabbersClash.png */ = {isa = PBXFileReference; lastKnownFileType = image.png; path = SneakyStabbersClash.png; sourceTree = "<group>"; };
		29AC154B240759D4004760B5 /* SneakyPeetPlot.png */ = {isa = PBXFileReference; lastKnownFileType = image.png; path = SneakyPeetPlot.png; sourceTree = "<group>"; };
		29AC154C240759D4004760B5 /* SneakyPeetLegendaryUnused.png */ = {isa = PBXFileReference; lastKnownFileType = image.png; path = SneakyPeetLegendaryUnused.png; sourceTree = "<group>"; };
		29AC154D240759D4004760B5 /* SneakyPeetClash.png */ = {isa = PBXFileReference; lastKnownFileType = image.png; path = SneakyPeetClash.png; sourceTree = "<group>"; };
		29AC154E240759D4004760B5 /* SneakyStabbersPlot.png */ = {isa = PBXFileReference; lastKnownFileType = image.png; path = SneakyStabbersPlot.png; sourceTree = "<group>"; };
		29AC1550240759D4004760B5 /* GrimgutLegendaryUnused.png */ = {isa = PBXFileReference; lastKnownFileType = image.png; path = GrimgutLegendaryUnused.png; sourceTree = "<group>"; };
		29AC1551240759D4004760B5 /* RetchlingsClash.png */ = {isa = PBXFileReference; lastKnownFileType = image.png; path = RetchlingsClash.png; sourceTree = "<group>"; };
		29AC1552240759D4004760B5 /* RetchlingsPlot.png */ = {isa = PBXFileReference; lastKnownFileType = image.png; path = RetchlingsPlot.png; sourceTree = "<group>"; };
		29AC1553240759D4004760B5 /* GrimgutPlot.png */ = {isa = PBXFileReference; lastKnownFileType = image.png; path = GrimgutPlot.png; sourceTree = "<group>"; };
		29AC1554240759D4004760B5 /* GrimgutClash.png */ = {isa = PBXFileReference; lastKnownFileType = image.png; path = GrimgutClash.png; sourceTree = "<group>"; };
		29AC1555240759D4004760B5 /* GrimgutLegendaryUsed.png */ = {isa = PBXFileReference; lastKnownFileType = image.png; path = GrimgutLegendaryUsed.png; sourceTree = "<group>"; };
		29AC1557240759D4004760B5 /* TitusLegendaryUnused.png */ = {isa = PBXFileReference; lastKnownFileType = image.png; path = TitusLegendaryUnused.png; sourceTree = "<group>"; };
		29AC1558240759D4004760B5 /* TitusClash.png */ = {isa = PBXFileReference; lastKnownFileType = image.png; path = TitusClash.png; sourceTree = "<group>"; };
		29AC1559240759D4004760B5 /* TitusLegendaryUsed.png */ = {isa = PBXFileReference; lastKnownFileType = image.png; path = TitusLegendaryUsed.png; sourceTree = "<group>"; };
		29AC155A240759D4004760B5 /* TitusPlot.png */ = {isa = PBXFileReference; lastKnownFileType = image.png; path = TitusPlot.png; sourceTree = "<group>"; };
		29AC155B240759D4004760B5 /* GlorySeekersClash.png */ = {isa = PBXFileReference; lastKnownFileType = image.png; path = GlorySeekersClash.png; sourceTree = "<group>"; };
		29AC155C240759D4004760B5 /* GlorySeekersPlot.png */ = {isa = PBXFileReference; lastKnownFileType = image.png; path = GlorySeekersPlot.png; sourceTree = "<group>"; };
		29AC155E240759D4004760B5 /* RangoshPlot.png */ = {isa = PBXFileReference; lastKnownFileType = image.png; path = RangoshPlot.png; sourceTree = "<group>"; };
		29AC155F240759D4004760B5 /* RedBanditsPlot.png */ = {isa = PBXFileReference; lastKnownFileType = image.png; path = RedBanditsPlot.png; sourceTree = "<group>"; };
		29AC1560240759D4004760B5 /* RangoshLegendaryUnused.png */ = {isa = PBXFileReference; lastKnownFileType = image.png; path = RangoshLegendaryUnused.png; sourceTree = "<group>"; };
		29AC1561240759D4004760B5 /* RangoshClash.png */ = {isa = PBXFileReference; lastKnownFileType = image.png; path = RangoshClash.png; sourceTree = "<group>"; };
		29AC1562240759D4004760B5 /* RangoshLegendaryUsed.png */ = {isa = PBXFileReference; lastKnownFileType = image.png; path = RangoshLegendaryUsed.png; sourceTree = "<group>"; };
		29AC1563240759D4004760B5 /* RedBanditsClash.png */ = {isa = PBXFileReference; lastKnownFileType = image.png; path = RedBanditsClash.png; sourceTree = "<group>"; };
		29AC1565240759D4004760B5 /* MournbladeLegendaryUsed.png */ = {isa = PBXFileReference; lastKnownFileType = image.png; path = MournbladeLegendaryUsed.png; sourceTree = "<group>"; };
		29AC1566240759D4004760B5 /* MournbladePlot.png */ = {isa = PBXFileReference; lastKnownFileType = image.png; path = MournbladePlot.png; sourceTree = "<group>"; };
		29AC1567240759D4004760B5 /* MournbladeLegendaryUnused.png */ = {isa = PBXFileReference; lastKnownFileType = image.png; path = MournbladeLegendaryUnused.png; sourceTree = "<group>"; };
		29AC1568240759D4004760B5 /* KnightshadesClash.png */ = {isa = PBXFileReference; lastKnownFileType = image.png; path = KnightshadesClash.png; sourceTree = "<group>"; };
		29AC1569240759D4004760B5 /* KnightshadesPlot.png */ = {isa = PBXFileReference; lastKnownFileType = image.png; path = KnightshadesPlot.png; sourceTree = "<group>"; };
		29AC156A240759D4004760B5 /* MournbladeClash.png */ = {isa = PBXFileReference; lastKnownFileType = image.png; path = MournbladeClash.png; sourceTree = "<group>"; };
		29AC156C240759D4004760B5 /* NiaClash.png */ = {isa = PBXFileReference; lastKnownFileType = image.png; path = NiaClash.png; sourceTree = "<group>"; };
		29AC156D240759D4004760B5 /* NiaPlot.png */ = {isa = PBXFileReference; lastKnownFileType = image.png; path = NiaPlot.png; sourceTree = "<group>"; };
		29AC156E240759D4004760B5 /* NiaLegendaryUsed.png */ = {isa = PBXFileReference; lastKnownFileType = image.png; path = NiaLegendaryUsed.png; sourceTree = "<group>"; };
		29AC156F240759D4004760B5 /* QuartzlingsClash.png */ = {isa = PBXFileReference; lastKnownFileType = image.png; path = QuartzlingsClash.png; sourceTree = "<group>"; };
		29AC1570240759D4004760B5 /* QuartzlingsPlot.png */ = {isa = PBXFileReference; lastKnownFileType = image.png; path = QuartzlingsPlot.png; sourceTree = "<group>"; };
		29AC1571240759D4004760B5 /* NiaLegendaryUnused.png */ = {isa = PBXFileReference; lastKnownFileType = image.png; path = NiaLegendaryUnused.png; sourceTree = "<group>"; };
		29AC1573240759D4004760B5 /* ShayleLegendaryUsed.png */ = {isa = PBXFileReference; lastKnownFileType = image.png; path = ShayleLegendaryUsed.png; sourceTree = "<group>"; };
		29AC1574240759D4004760B5 /* LandslideClash.png */ = {isa = PBXFileReference; lastKnownFileType = image.png; path = LandslideClash.png; sourceTree = "<group>"; };
		29AC1575240759D4004760B5 /* LandslidePlot.png */ = {isa = PBXFileReference; lastKnownFileType = image.png; path = LandslidePlot.png; sourceTree = "<group>"; };
		29AC1576240759D4004760B5 /* ShaylePlot.png */ = {isa = PBXFileReference; lastKnownFileType = image.png; path = ShaylePlot.png; sourceTree = "<group>"; };
		29AC1577240759D4004760B5 /* ShayleClash.png */ = {isa = PBXFileReference; lastKnownFileType = image.png; path = ShayleClash.png; sourceTree = "<group>"; };
		29AC1578240759D4004760B5 /* ShayleLegendaryUnused.png */ = {isa = PBXFileReference; lastKnownFileType = image.png; path = ShayleLegendaryUnused.png; sourceTree = "<group>"; };
		29AC157A240759D4004760B5 /* BlackjawLegendaryUnused.png */ = {isa = PBXFileReference; lastKnownFileType = image.png; path = BlackjawLegendaryUnused.png; sourceTree = "<group>"; };
		29AC157B240759D4004760B5 /* BlackjawPlot.png */ = {isa = PBXFileReference; lastKnownFileType = image.png; path = BlackjawPlot.png; sourceTree = "<group>"; };
		29AC157C240759D4004760B5 /* UnburntReaversPlot.png */ = {isa = PBXFileReference; lastKnownFileType = image.png; path = UnburntReaversPlot.png; sourceTree = "<group>"; };
		29AC157D240759D4004760B5 /* BlackjawClash.png */ = {isa = PBXFileReference; lastKnownFileType = image.png; path = BlackjawClash.png; sourceTree = "<group>"; };
		29AC157E240759D4004760B5 /* BlackjawLegendaryUsed.png */ = {isa = PBXFileReference; lastKnownFileType = image.png; path = BlackjawLegendaryUsed.png; sourceTree = "<group>"; };
		29AC157F240759D4004760B5 /* UnburntReaversClash.png */ = {isa = PBXFileReference; lastKnownFileType = image.png; path = UnburntReaversClash.png; sourceTree = "<group>"; };
		29AC1581240759D4004760B5 /* ShadowSentinelsClash.png */ = {isa = PBXFileReference; lastKnownFileType = image.png; path = ShadowSentinelsClash.png; sourceTree = "<group>"; };
		29AC1582240759D4004760B5 /* FinvarrLegendaryUnused.png */ = {isa = PBXFileReference; lastKnownFileType = image.png; path = FinvarrLegendaryUnused.png; sourceTree = "<group>"; };
		29AC1583240759D4004760B5 /* FinvarrPlot.png */ = {isa = PBXFileReference; lastKnownFileType = image.png; path = FinvarrPlot.png; sourceTree = "<group>"; };
		29AC1584240759D4004760B5 /* FinvarrLegendaryUsed.png */ = {isa = PBXFileReference; lastKnownFileType = image.png; path = FinvarrLegendaryUsed.png; sourceTree = "<group>"; };
		29AC1585240759D4004760B5 /* FinvarrClash.png */ = {isa = PBXFileReference; lastKnownFileType = image.png; path = FinvarrClash.png; sourceTree = "<group>"; };
		29AC1586240759D4004760B5 /* ShadowSentinelsPlot.png */ = {isa = PBXFileReference; lastKnownFileType = image.png; path = ShadowSentinelsPlot.png; sourceTree = "<group>"; };
		29AC1588240759D4004760B5 /* RaithMaridClash.png */ = {isa = PBXFileReference; lastKnownFileType = image.png; path = RaithMaridClash.png; sourceTree = "<group>"; };
		29AC1589240759D4004760B5 /* RaithMaridPlot.png */ = {isa = PBXFileReference; lastKnownFileType = image.png; path = RaithMaridPlot.png; sourceTree = "<group>"; };
		29AC158A240759D4004760B5 /* RaithMaridLegendaryUnused.png */ = {isa = PBXFileReference; lastKnownFileType = image.png; path = RaithMaridLegendaryUnused.png; sourceTree = "<group>"; };
		29AC158B240759D4004760B5 /* SplashlingsClash.png */ = {isa = PBXFileReference; lastKnownFileType = image.png; path = SplashlingsClash.png; sourceTree = "<group>"; };
		29AC158C240759D4004760B5 /* RaithMaridLegendaryUsed.png */ = {isa = PBXFileReference; lastKnownFileType = image.png; path = RaithMaridLegendaryUsed.png; sourceTree = "<group>"; };
		29AC158D240759D4004760B5 /* SplashlingsPlot.png */ = {isa = PBXFileReference; lastKnownFileType = image.png; path = SplashlingsPlot.png; sourceTree = "<group>"; };
		29AC158F240759D4004760B5 /* FroglodytesClash.png */ = {isa = PBXFileReference; lastKnownFileType = image.png; path = FroglodytesClash.png; sourceTree = "<group>"; };
		29AC1590240759D4004760B5 /* HalftuskClash.png */ = {isa = PBXFileReference; lastKnownFileType = image.png; path = HalftuskClash.png; sourceTree = "<group>"; };
		29AC1591240759D4004760B5 /* FroglodytesPlot.png */ = {isa = PBXFileReference; lastKnownFileType = image.png; path = FroglodytesPlot.png; sourceTree = "<group>"; };
		29AC1592240759D4004760B5 /* HalftuskPlot.png */ = {isa = PBXFileReference; lastKnownFileType = image.png; path = HalftuskPlot.png; sourceTree = "<group>"; };
		29AC1593240759D4004760B5 /* HalftuskLegendaryUsed.png */ = {isa = PBXFileReference; lastKnownFileType = image.png; path = HalftuskLegendaryUsed.png; sourceTree = "<group>"; };
		29AC1594240759D4004760B5 /* HalftuskLegendaryUnused.png */ = {isa = PBXFileReference; lastKnownFileType = image.png; path = HalftuskLegendaryUnused.png; sourceTree = "<group>"; };
		29AC1596240759D4004760B5 /* MistwoodRangersPlot.png */ = {isa = PBXFileReference; lastKnownFileType = image.png; path = MistwoodRangersPlot.png; sourceTree = "<group>"; };
		29AC1597240759D4004760B5 /* MistwoodRangersClash.png */ = {isa = PBXFileReference; lastKnownFileType = image.png; path = MistwoodRangersClash.png; sourceTree = "<group>"; };
		29AC1598240759D4004760B5 /* LorsannLegendaryUnused.png */ = {isa = PBXFileReference; lastKnownFileType = image.png; path = LorsannLegendaryUnused.png; sourceTree = "<group>"; };
		29AC1599240759D4004760B5 /* LorsannLegendaryUsed.png */ = {isa = PBXFileReference; lastKnownFileType = image.png; path = LorsannLegendaryUsed.png; sourceTree = "<group>"; };
		29AC159A240759D4004760B5 /* LorsannClash.png */ = {isa = PBXFileReference; lastKnownFileType = image.png; path = LorsannClash.png; sourceTree = "<group>"; };
		29AC159B240759D4004760B5 /* LorsannPlot.png */ = {isa = PBXFileReference; lastKnownFileType = image.png; path = LorsannPlot.png; sourceTree = "<group>"; };
		3E8C66F748D1C3CBE0239DEA /* Pods-GTCompanion.debug.xcconfig */ = {isa = PBXFileReference; includeInIndex = 1; lastKnownFileType = text.xcconfig; name = "Pods-GTCompanion.debug.xcconfig"; path = "Target Support Files/Pods-GTCompanion/Pods-GTCompanion.debug.xcconfig"; sourceTree = "<group>"; };
		66257586769B55831EBBDF4C /* Pods_GTCompanion.framework */ = {isa = PBXFileReference; explicitFileType = wrapper.framework; includeInIndex = 0; path = Pods_GTCompanion.framework; sourceTree = BUILT_PRODUCTS_DIR; };
		B1F8F05BD67FE06B00C98A2A /* Pods-GTCompanion.release.xcconfig */ = {isa = PBXFileReference; includeInIndex = 1; lastKnownFileType = text.xcconfig; name = "Pods-GTCompanion.release.xcconfig"; path = "Target Support Files/Pods-GTCompanion/Pods-GTCompanion.release.xcconfig"; sourceTree = "<group>"; };
/* End PBXFileReference section */

/* Begin PBXFrameworksBuildPhase section */
		297D9F5E23FA2CA40010575A /* Frameworks */ = {
			isa = PBXFrameworksBuildPhase;
			buildActionMask = 2147483647;
			files = (
				869FD172BEB1B263A30A0A53 /* Pods_GTCompanion.framework in Frameworks */,
			);
			runOnlyForDeploymentPostprocessing = 0;
		};
		297D9F7423FA2CA60010575A /* Frameworks */ = {
			isa = PBXFrameworksBuildPhase;
			buildActionMask = 2147483647;
			files = (
			);
			runOnlyForDeploymentPostprocessing = 0;
		};
		297D9F7F23FA2CA60010575A /* Frameworks */ = {
			isa = PBXFrameworksBuildPhase;
			buildActionMask = 2147483647;
			files = (
			);
			runOnlyForDeploymentPostprocessing = 0;
		};
/* End PBXFrameworksBuildPhase section */

/* Begin PBXGroup section */
		0777A414225A07EEC8D73140 /* Frameworks */ = {
			isa = PBXGroup;
			children = (
				66257586769B55831EBBDF4C /* Pods_GTCompanion.framework */,
			);
			name = Frameworks;
			sourceTree = "<group>";
		};
		0F41829681A046EAA307A41C /* Pods */ = {
			isa = PBXGroup;
			children = (
				3E8C66F748D1C3CBE0239DEA /* Pods-GTCompanion.debug.xcconfig */,
				B1F8F05BD67FE06B00C98A2A /* Pods-GTCompanion.release.xcconfig */,
			);
			path = Pods;
			sourceTree = "<group>";
		};
		2971E98E24171B1C00E92AC3 /* WarbandExplorer */ = {
			isa = PBXGroup;
			children = (
				2971E98F24171B4200E92AC3 /* WarbandExplorerViewController.swift */,
				2991962A241738270003B8EB /* WEWarbandViewController.swift */,
			);
			path = WarbandExplorer;
			sourceTree = "<group>";
		};
		297D9F5823FA2CA40010575A = {
			isa = PBXGroup;
			children = (
				297D9F6323FA2CA40010575A /* GTCompanion */,
				297D9F7A23FA2CA60010575A /* GTCompanionTests */,
				297D9F8523FA2CA60010575A /* GTCompanionUITests */,
				297D9F6223FA2CA40010575A /* Products */,
				0F41829681A046EAA307A41C /* Pods */,
				0777A414225A07EEC8D73140 /* Frameworks */,
			);
			sourceTree = "<group>";
		};
		297D9F6223FA2CA40010575A /* Products */ = {
			isa = PBXGroup;
			children = (
				297D9F6123FA2CA40010575A /* GTCompanion.app */,
				297D9F7723FA2CA60010575A /* GTCompanionTests.xctest */,
				297D9F8223FA2CA60010575A /* GTCompanionUITests.xctest */,
			);
			name = Products;
			sourceTree = "<group>";
		};
		297D9F6323FA2CA40010575A /* GTCompanion */ = {
			isa = PBXGroup;
			children = (
				2971E98E24171B1C00E92AC3 /* WarbandExplorer */,
				29AC151B2404A219004760B5 /* CohortsExplorer */,
				29AC1532240759D4004760B5 /* Cards */,
				297D9F6423FA2CA40010575A /* AppDelegate.swift */,
				297D9F6623FA2CA40010575A /* SceneDelegate.swift */,
				297D9F6D23FA2CA60010575A /* Assets.xcassets */,
				297D9F6F23FA2CA60010575A /* LaunchScreen.storyboard */,
				297D9F7223FA2CA60010575A /* Info.plist */,
				29AC151C2404A261004760B5 /* SettingsViewController.swift */,
				29AC151E2404A294004760B5 /* UIViewExtension.swift */,
				29AC15202404A2CB004760B5 /* StaticTextCell.swift */,
				29AC15242404A343004760B5 /* godtear_companion_iOS_launchscreen.png */,
				29AC15222404A2E4004760B5 /* UITableViewExtension.swift */,
				2971E9892411E49000E92AC3 /* StateController.swift */,
			);
			path = GTCompanion;
			sourceTree = "<group>";
		};
		297D9F7A23FA2CA60010575A /* GTCompanionTests */ = {
			isa = PBXGroup;
			children = (
				297D9F7B23FA2CA60010575A /* GTCompanionTests.swift */,
				297D9F7D23FA2CA60010575A /* Info.plist */,
			);
			path = GTCompanionTests;
			sourceTree = "<group>";
		};
		297D9F8523FA2CA60010575A /* GTCompanionUITests */ = {
			isa = PBXGroup;
			children = (
				297D9F8623FA2CA60010575A /* GTCompanionUITests.swift */,
				297D9F8823FA2CA60010575A /* Info.plist */,
			);
			path = GTCompanionUITests;
			sourceTree = "<group>";
		};
		29AC151B2404A219004760B5 /* CohortsExplorer */ = {
			isa = PBXGroup;
			children = (
				29AC15272404A3B5004760B5 /* CohortsExplorerViewController.swift */,
				29919628241726960003B8EB /* CECohortRosterViewController.swift */,
				29AC15262404A3B5004760B5 /* CECohortViewController.swift */,
				29AC15282404A3B5004760B5 /* CETraitViewController.swift */,
				29AC152B2404A3B5004760B5 /* CECardImageStore.swift */,
				29AC152A2404A3B5004760B5 /* CohortsExplorerCohortExtension.swift */,
			);
			path = CohortsExplorer;
			sourceTree = "<group>";
		};
		29AC1532240759D4004760B5 /* Cards */ = {
			isa = PBXGroup;
			children = (
				29AC1533240759D4004760B5 /* Rattlebone */,
				29AC153A240759D4004760B5 /* Rhodri */,
				29AC1541240759D4004760B5 /* Morrigan */,
				29AC1548240759D4004760B5 /* SneakyPeet */,
				29AC154F240759D4004760B5 /* Grimgut */,
				29AC1556240759D4004760B5 /* Titus */,
				29AC155D240759D4004760B5 /* Rangosh */,
				29AC1564240759D4004760B5 /* Mournblade */,
				29AC156B240759D4004760B5 /* Nia */,
				29AC1572240759D4004760B5 /* Shayle */,
				29AC1579240759D4004760B5 /* Blackjaw */,
				29AC1580240759D4004760B5 /* Finvarr */,
				29AC1587240759D4004760B5 /* RaithMarid */,
				29AC158E240759D4004760B5 /* Halftusk */,
				29AC1595240759D4004760B5 /* Lorsann */,
			);
			path = Cards;
			sourceTree = "<group>";
		};
		29AC1533240759D4004760B5 /* Rattlebone */ = {
			isa = PBXGroup;
			children = (
				29AC1534240759D4004760B5 /* HexlingsClash.png */,
				29AC1535240759D4004760B5 /* RattleboneClash.png */,
				29AC1536240759D4004760B5 /* RattleboneLegendaryUnused.png */,
				29AC1537240759D4004760B5 /* HexlingsPlot.png */,
				29AC1538240759D4004760B5 /* RattleboneLegendaryUsed.png */,
				29AC1539240759D4004760B5 /* RattlebonePlot.png */,
			);
			path = Rattlebone;
			sourceTree = "<group>";
		};
		29AC153A240759D4004760B5 /* Rhodri */ = {
			isa = PBXGroup;
			children = (
				29AC153B240759D4004760B5 /* RhodriClash.png */,
				29AC153C240759D4004760B5 /* RhodriLegendaryUnused.png */,
				29AC153D240759D4004760B5 /* HouseholdGuardPlot.png */,
				29AC153E240759D4004760B5 /* RhodriLegendaryUsed.png */,
				29AC153F240759D4004760B5 /* HouseholdGuardClash.png */,
				29AC1540240759D4004760B5 /* RhodriPlot.png */,
			);
			path = Rhodri;
			sourceTree = "<group>";
		};
		29AC1541240759D4004760B5 /* Morrigan */ = {
			isa = PBXGroup;
			children = (
				29AC1542240759D4004760B5 /* ColdBonesClash.png */,
				29AC1543240759D4004760B5 /* MorriganLegendaryUsed.png */,
				29AC1544240759D4004760B5 /* MorriganLegendaryUnused.png */,
				29AC1545240759D4004760B5 /* MorriganPlot.png */,
				29AC1546240759D4004760B5 /* ColdBonesPlot.png */,
				29AC1547240759D4004760B5 /* MorriganClash.png */,
			);
			path = Morrigan;
			sourceTree = "<group>";
		};
		29AC1548240759D4004760B5 /* SneakyPeet */ = {
			isa = PBXGroup;
			children = (
				29AC1549240759D4004760B5 /* SneakyPeetLegendaryUsed.png */,
				29AC154A240759D4004760B5 /* SneakyStabbersClash.png */,
				29AC154B240759D4004760B5 /* SneakyPeetPlot.png */,
				29AC154C240759D4004760B5 /* SneakyPeetLegendaryUnused.png */,
				29AC154D240759D4004760B5 /* SneakyPeetClash.png */,
				29AC154E240759D4004760B5 /* SneakyStabbersPlot.png */,
			);
			path = SneakyPeet;
			sourceTree = "<group>";
		};
		29AC154F240759D4004760B5 /* Grimgut */ = {
			isa = PBXGroup;
			children = (
				29AC1550240759D4004760B5 /* GrimgutLegendaryUnused.png */,
				29AC1551240759D4004760B5 /* RetchlingsClash.png */,
				29AC1552240759D4004760B5 /* RetchlingsPlot.png */,
				29AC1553240759D4004760B5 /* GrimgutPlot.png */,
				29AC1554240759D4004760B5 /* GrimgutClash.png */,
				29AC1555240759D4004760B5 /* GrimgutLegendaryUsed.png */,
			);
			path = Grimgut;
			sourceTree = "<group>";
		};
		29AC1556240759D4004760B5 /* Titus */ = {
			isa = PBXGroup;
			children = (
				29AC1557240759D4004760B5 /* TitusLegendaryUnused.png */,
				29AC1558240759D4004760B5 /* TitusClash.png */,
				29AC1559240759D4004760B5 /* TitusLegendaryUsed.png */,
				29AC155A240759D4004760B5 /* TitusPlot.png */,
				29AC155B240759D4004760B5 /* GlorySeekersClash.png */,
				29AC155C240759D4004760B5 /* GlorySeekersPlot.png */,
			);
			path = Titus;
			sourceTree = "<group>";
		};
		29AC155D240759D4004760B5 /* Rangosh */ = {
			isa = PBXGroup;
			children = (
				29AC155E240759D4004760B5 /* RangoshPlot.png */,
				29AC155F240759D4004760B5 /* RedBanditsPlot.png */,
				29AC1560240759D4004760B5 /* RangoshLegendaryUnused.png */,
				29AC1561240759D4004760B5 /* RangoshClash.png */,
				29AC1562240759D4004760B5 /* RangoshLegendaryUsed.png */,
				29AC1563240759D4004760B5 /* RedBanditsClash.png */,
			);
			path = Rangosh;
			sourceTree = "<group>";
		};
		29AC1564240759D4004760B5 /* Mournblade */ = {
			isa = PBXGroup;
			children = (
				29AC1565240759D4004760B5 /* MournbladeLegendaryUsed.png */,
				29AC1566240759D4004760B5 /* MournbladePlot.png */,
				29AC1567240759D4004760B5 /* MournbladeLegendaryUnused.png */,
				29AC1568240759D4004760B5 /* KnightshadesClash.png */,
				29AC1569240759D4004760B5 /* KnightshadesPlot.png */,
				29AC156A240759D4004760B5 /* MournbladeClash.png */,
			);
			path = Mournblade;
			sourceTree = "<group>";
		};
		29AC156B240759D4004760B5 /* Nia */ = {
			isa = PBXGroup;
			children = (
				29AC156C240759D4004760B5 /* NiaClash.png */,
				29AC156D240759D4004760B5 /* NiaPlot.png */,
				29AC156E240759D4004760B5 /* NiaLegendaryUsed.png */,
				29AC156F240759D4004760B5 /* QuartzlingsClash.png */,
				29AC1570240759D4004760B5 /* QuartzlingsPlot.png */,
				29AC1571240759D4004760B5 /* NiaLegendaryUnused.png */,
			);
			path = Nia;
			sourceTree = "<group>";
		};
		29AC1572240759D4004760B5 /* Shayle */ = {
			isa = PBXGroup;
			children = (
				29AC1573240759D4004760B5 /* ShayleLegendaryUsed.png */,
				29AC1574240759D4004760B5 /* LandslideClash.png */,
				29AC1575240759D4004760B5 /* LandslidePlot.png */,
				29AC1576240759D4004760B5 /* ShaylePlot.png */,
				29AC1577240759D4004760B5 /* ShayleClash.png */,
				29AC1578240759D4004760B5 /* ShayleLegendaryUnused.png */,
			);
			path = Shayle;
			sourceTree = "<group>";
		};
		29AC1579240759D4004760B5 /* Blackjaw */ = {
			isa = PBXGroup;
			children = (
				29AC157A240759D4004760B5 /* BlackjawLegendaryUnused.png */,
				29AC157B240759D4004760B5 /* BlackjawPlot.png */,
				29AC157C240759D4004760B5 /* UnburntReaversPlot.png */,
				29AC157D240759D4004760B5 /* BlackjawClash.png */,
				29AC157E240759D4004760B5 /* BlackjawLegendaryUsed.png */,
				29AC157F240759D4004760B5 /* UnburntReaversClash.png */,
			);
			path = Blackjaw;
			sourceTree = "<group>";
		};
		29AC1580240759D4004760B5 /* Finvarr */ = {
			isa = PBXGroup;
			children = (
				29AC1581240759D4004760B5 /* ShadowSentinelsClash.png */,
				29AC1582240759D4004760B5 /* FinvarrLegendaryUnused.png */,
				29AC1583240759D4004760B5 /* FinvarrPlot.png */,
				29AC1584240759D4004760B5 /* FinvarrLegendaryUsed.png */,
				29AC1585240759D4004760B5 /* FinvarrClash.png */,
				29AC1586240759D4004760B5 /* ShadowSentinelsPlot.png */,
			);
			path = Finvarr;
			sourceTree = "<group>";
		};
		29AC1587240759D4004760B5 /* RaithMarid */ = {
			isa = PBXGroup;
			children = (
				29AC1588240759D4004760B5 /* RaithMaridClash.png */,
				29AC1589240759D4004760B5 /* RaithMaridPlot.png */,
				29AC158A240759D4004760B5 /* RaithMaridLegendaryUnused.png */,
				29AC158B240759D4004760B5 /* SplashlingsClash.png */,
				29AC158C240759D4004760B5 /* RaithMaridLegendaryUsed.png */,
				29AC158D240759D4004760B5 /* SplashlingsPlot.png */,
			);
			path = RaithMarid;
			sourceTree = "<group>";
		};
		29AC158E240759D4004760B5 /* Halftusk */ = {
			isa = PBXGroup;
			children = (
				29AC158F240759D4004760B5 /* FroglodytesClash.png */,
				29AC1590240759D4004760B5 /* HalftuskClash.png */,
				29AC1591240759D4004760B5 /* FroglodytesPlot.png */,
				29AC1592240759D4004760B5 /* HalftuskPlot.png */,
				29AC1593240759D4004760B5 /* HalftuskLegendaryUsed.png */,
				29AC1594240759D4004760B5 /* HalftuskLegendaryUnused.png */,
			);
			path = Halftusk;
			sourceTree = "<group>";
		};
		29AC1595240759D4004760B5 /* Lorsann */ = {
			isa = PBXGroup;
			children = (
				29AC1596240759D4004760B5 /* MistwoodRangersPlot.png */,
				29AC1597240759D4004760B5 /* MistwoodRangersClash.png */,
				29AC1598240759D4004760B5 /* LorsannLegendaryUnused.png */,
				29AC1599240759D4004760B5 /* LorsannLegendaryUsed.png */,
				29AC159A240759D4004760B5 /* LorsannClash.png */,
				29AC159B240759D4004760B5 /* LorsannPlot.png */,
			);
			path = Lorsann;
			sourceTree = "<group>";
		};
/* End PBXGroup section */

/* Begin PBXNativeTarget section */
		297D9F6023FA2CA40010575A /* GTCompanion */ = {
			isa = PBXNativeTarget;
			buildConfigurationList = 297D9F8B23FA2CA60010575A /* Build configuration list for PBXNativeTarget "GTCompanion" */;
			buildPhases = (
				621E5A5024A22703E56BEDBC /* [CP] Check Pods Manifest.lock */,
				297D9F5D23FA2CA40010575A /* Sources */,
				297D9F5E23FA2CA40010575A /* Frameworks */,
				297D9F5F23FA2CA40010575A /* Resources */,
				69994C5C05BFA4F1D0AB27DF /* [CP] Embed Pods Frameworks */,
			);
			buildRules = (
			);
			dependencies = (
			);
			name = GTCompanion;
			productName = GTCompanion;
			productReference = 297D9F6123FA2CA40010575A /* GTCompanion.app */;
			productType = "com.apple.product-type.application";
		};
		297D9F7623FA2CA60010575A /* GTCompanionTests */ = {
			isa = PBXNativeTarget;
			buildConfigurationList = 297D9F8E23FA2CA60010575A /* Build configuration list for PBXNativeTarget "GTCompanionTests" */;
			buildPhases = (
				297D9F7323FA2CA60010575A /* Sources */,
				297D9F7423FA2CA60010575A /* Frameworks */,
				297D9F7523FA2CA60010575A /* Resources */,
			);
			buildRules = (
			);
			dependencies = (
				297D9F7923FA2CA60010575A /* PBXTargetDependency */,
			);
			name = GTCompanionTests;
			productName = GTCompanionTests;
			productReference = 297D9F7723FA2CA60010575A /* GTCompanionTests.xctest */;
			productType = "com.apple.product-type.bundle.unit-test";
		};
		297D9F8123FA2CA60010575A /* GTCompanionUITests */ = {
			isa = PBXNativeTarget;
			buildConfigurationList = 297D9F9123FA2CA60010575A /* Build configuration list for PBXNativeTarget "GTCompanionUITests" */;
			buildPhases = (
				297D9F7E23FA2CA60010575A /* Sources */,
				297D9F7F23FA2CA60010575A /* Frameworks */,
				297D9F8023FA2CA60010575A /* Resources */,
			);
			buildRules = (
			);
			dependencies = (
				297D9F8423FA2CA60010575A /* PBXTargetDependency */,
			);
			name = GTCompanionUITests;
			productName = GTCompanionUITests;
			productReference = 297D9F8223FA2CA60010575A /* GTCompanionUITests.xctest */;
			productType = "com.apple.product-type.bundle.ui-testing";
		};
/* End PBXNativeTarget section */

/* Begin PBXProject section */
		297D9F5923FA2CA40010575A /* Project object */ = {
			isa = PBXProject;
			attributes = {
				LastSwiftUpdateCheck = 1130;
				LastUpgradeCheck = 1130;
				ORGANIZATIONNAME = "Nicholas J Halase";
				TargetAttributes = {
					297D9F6023FA2CA40010575A = {
						CreatedOnToolsVersion = 11.3.1;
					};
					297D9F7623FA2CA60010575A = {
						CreatedOnToolsVersion = 11.3.1;
						TestTargetID = 297D9F6023FA2CA40010575A;
					};
					297D9F8123FA2CA60010575A = {
						CreatedOnToolsVersion = 11.3.1;
						TestTargetID = 297D9F6023FA2CA40010575A;
					};
				};
			};
			buildConfigurationList = 297D9F5C23FA2CA40010575A /* Build configuration list for PBXProject "GTCompanion" */;
			compatibilityVersion = "Xcode 9.3";
			developmentRegion = en;
			hasScannedForEncodings = 0;
			knownRegions = (
				en,
				Base,
			);
			mainGroup = 297D9F5823FA2CA40010575A;
			productRefGroup = 297D9F6223FA2CA40010575A /* Products */;
			projectDirPath = "";
			projectRoot = "";
			targets = (
				297D9F6023FA2CA40010575A /* GTCompanion */,
				297D9F7623FA2CA60010575A /* GTCompanionTests */,
				297D9F8123FA2CA60010575A /* GTCompanionUITests */,
			);
		};
/* End PBXProject section */

/* Begin PBXResourcesBuildPhase section */
		297D9F5F23FA2CA40010575A /* Resources */ = {
			isa = PBXResourcesBuildPhase;
			buildActionMask = 2147483647;
			files = (
				29AC15AD240759D4004760B5 /* MorriganClash.png in Resources */,
				29AC15E0240759D4004760B5 /* FinvarrPlot.png in Resources */,
				29AC15D0240759D4004760B5 /* QuartzlingsPlot.png in Resources */,
				29AC15EC240759D4004760B5 /* FroglodytesPlot.png in Resources */,
				29AC15A3240759D4004760B5 /* RhodriLegendaryUnused.png in Resources */,
				29AC15E6240759D4004760B5 /* RaithMaridLegendaryUnused.png in Resources */,
				29AC15AB240759D4004760B5 /* MorriganPlot.png in Resources */,
				29AC15A7240759D4004760B5 /* RhodriPlot.png in Resources */,
				29AC15D6240759D4004760B5 /* ShayleClash.png in Resources */,
				29AC15C9240759D4004760B5 /* KnightshadesClash.png in Resources */,
				29AC15DE240759D4004760B5 /* ShadowSentinelsClash.png in Resources */,
				29AC15A6240759D4004760B5 /* HouseholdGuardClash.png in Resources */,
				29AC15E9240759D4004760B5 /* SplashlingsPlot.png in Resources */,
				297D9F7123FA2CA60010575A /* LaunchScreen.storyboard in Resources */,
				29AC15E7240759D4004760B5 /* SplashlingsClash.png in Resources */,
				29AC15C2240759D4004760B5 /* RangoshLegendaryUnused.png in Resources */,
				29AC15E1240759D4004760B5 /* FinvarrLegendaryUsed.png in Resources */,
				29AC15E5240759D4004760B5 /* RaithMaridPlot.png in Resources */,
				29AC15F3240759D4004760B5 /* LorsannLegendaryUsed.png in Resources */,
				29AC15B2240759D4004760B5 /* SneakyPeetClash.png in Resources */,
				29AC15E4240759D4004760B5 /* RaithMaridClash.png in Resources */,
				29AC15D1240759D4004760B5 /* NiaLegendaryUnused.png in Resources */,
				29AC15BD240759D4004760B5 /* TitusPlot.png in Resources */,
				29AC15A4240759D4004760B5 /* HouseholdGuardPlot.png in Resources */,
				29AC15AE240759D4004760B5 /* SneakyPeetLegendaryUsed.png in Resources */,
				29AC159D240759D4004760B5 /* RattleboneClash.png in Resources */,
				29AC15DD240759D4004760B5 /* UnburntReaversClash.png in Resources */,
				29AC15A9240759D4004760B5 /* MorriganLegendaryUsed.png in Resources */,
				29AC15CD240759D4004760B5 /* NiaPlot.png in Resources */,
				29AC15CF240759D4004760B5 /* QuartzlingsClash.png in Resources */,
				29AC15BF240759D4004760B5 /* GlorySeekersPlot.png in Resources */,
				29AC15A0240759D4004760B5 /* RattleboneLegendaryUsed.png in Resources */,
				29AC15D9240759D4004760B5 /* BlackjawPlot.png in Resources */,
				29AC15C3240759D4004760B5 /* RangoshClash.png in Resources */,
				29AC15E8240759D4004760B5 /* RaithMaridLegendaryUsed.png in Resources */,
				29AC15F4240759D4004760B5 /* LorsannClash.png in Resources */,
				29AC15B5240759D4004760B5 /* RetchlingsClash.png in Resources */,
				29AC15F2240759D4004760B5 /* LorsannLegendaryUnused.png in Resources */,
				29AC15B8240759D4004760B5 /* GrimgutClash.png in Resources */,
				29AC15CB240759D4004760B5 /* MournbladeClash.png in Resources */,
				29AC15CE240759D4004760B5 /* NiaLegendaryUsed.png in Resources */,
				29AC15D7240759D4004760B5 /* ShayleLegendaryUnused.png in Resources */,
				29AC15DB240759D4004760B5 /* BlackjawClash.png in Resources */,
				29AC15AA240759D4004760B5 /* MorriganLegendaryUnused.png in Resources */,
				29AC15BE240759D4004760B5 /* GlorySeekersClash.png in Resources */,
				29AC15DC240759D4004760B5 /* BlackjawLegendaryUsed.png in Resources */,
				29AC15BA240759D4004760B5 /* TitusLegendaryUnused.png in Resources */,
				29AC15A1240759D4004760B5 /* RattlebonePlot.png in Resources */,
				29AC159C240759D4004760B5 /* HexlingsClash.png in Resources */,
				29AC15BC240759D4004760B5 /* TitusLegendaryUsed.png in Resources */,
				29AC15D4240759D4004760B5 /* LandslidePlot.png in Resources */,
				29AC15A8240759D4004760B5 /* ColdBonesClash.png in Resources */,
				29AC15F0240759D4004760B5 /* MistwoodRangersPlot.png in Resources */,
				29AC159E240759D4004760B5 /* RattleboneLegendaryUnused.png in Resources */,
				29AC159F240759D4004760B5 /* HexlingsPlot.png in Resources */,
				29AC15A2240759D4004760B5 /* RhodriClash.png in Resources */,
				29AC15C1240759D4004760B5 /* RedBanditsPlot.png in Resources */,
				29AC15D2240759D4004760B5 /* ShayleLegendaryUsed.png in Resources */,
				29AC15EB240759D4004760B5 /* HalftuskClash.png in Resources */,
				29AC15DF240759D4004760B5 /* FinvarrLegendaryUnused.png in Resources */,
				29AC15AC240759D4004760B5 /* ColdBonesPlot.png in Resources */,
				29AC15B9240759D4004760B5 /* GrimgutLegendaryUsed.png in Resources */,
				297D9F6E23FA2CA60010575A /* Assets.xcassets in Resources */,
				29AC15CC240759D4004760B5 /* NiaClash.png in Resources */,
				29AC15B7240759D4004760B5 /* GrimgutPlot.png in Resources */,
				29AC15C6240759D4004760B5 /* MournbladeLegendaryUsed.png in Resources */,
				29AC15F1240759D4004760B5 /* MistwoodRangersClash.png in Resources */,
				29AC15EE240759D4004760B5 /* HalftuskLegendaryUsed.png in Resources */,
				29AC15B3240759D4004760B5 /* SneakyStabbersPlot.png in Resources */,
				29AC15E3240759D4004760B5 /* ShadowSentinelsPlot.png in Resources */,
				29AC15D5240759D4004760B5 /* ShaylePlot.png in Resources */,
				29AC15C7240759D4004760B5 /* MournbladePlot.png in Resources */,
				29AC15DA240759D4004760B5 /* UnburntReaversPlot.png in Resources */,
				29AC15B6240759D4004760B5 /* RetchlingsPlot.png in Resources */,
				29AC15F5240759D4004760B5 /* LorsannPlot.png in Resources */,
				29AC15AF240759D4004760B5 /* SneakyStabbersClash.png in Resources */,
				29AC15B4240759D4004760B5 /* GrimgutLegendaryUnused.png in Resources */,
				29AC15B0240759D4004760B5 /* SneakyPeetPlot.png in Resources */,
				29AC15C8240759D4004760B5 /* MournbladeLegendaryUnused.png in Resources */,
				29AC15ED240759D4004760B5 /* HalftuskPlot.png in Resources */,
				29AC15EF240759D4004760B5 /* HalftuskLegendaryUnused.png in Resources */,
				29AC15EA240759D4004760B5 /* FroglodytesClash.png in Resources */,
				29AC15C0240759D4004760B5 /* RangoshPlot.png in Resources */,
				29AC15BB240759D4004760B5 /* TitusClash.png in Resources */,
				29AC15C5240759D4004760B5 /* RedBanditsClash.png in Resources */,
				29AC15CA240759D4004760B5 /* KnightshadesPlot.png in Resources */,
				29AC15252404A343004760B5 /* godtear_companion_iOS_launchscreen.png in Resources */,
				29AC15C4240759D4004760B5 /* RangoshLegendaryUsed.png in Resources */,
				29AC15D8240759D4004760B5 /* BlackjawLegendaryUnused.png in Resources */,
				29AC15B1240759D4004760B5 /* SneakyPeetLegendaryUnused.png in Resources */,
				29AC15A5240759D4004760B5 /* RhodriLegendaryUsed.png in Resources */,
				29AC15E2240759D4004760B5 /* FinvarrClash.png in Resources */,
				29AC15D3240759D4004760B5 /* LandslideClash.png in Resources */,
			);
			runOnlyForDeploymentPostprocessing = 0;
		};
		297D9F7523FA2CA60010575A /* Resources */ = {
			isa = PBXResourcesBuildPhase;
			buildActionMask = 2147483647;
			files = (
			);
			runOnlyForDeploymentPostprocessing = 0;
		};
		297D9F8023FA2CA60010575A /* Resources */ = {
			isa = PBXResourcesBuildPhase;
			buildActionMask = 2147483647;
			files = (
			);
			runOnlyForDeploymentPostprocessing = 0;
		};
/* End PBXResourcesBuildPhase section */

/* Begin PBXShellScriptBuildPhase section */
		621E5A5024A22703E56BEDBC /* [CP] Check Pods Manifest.lock */ = {
			isa = PBXShellScriptBuildPhase;
			buildActionMask = 2147483647;
			files = (
			);
			inputFileListPaths = (
			);
			inputPaths = (
				"${PODS_PODFILE_DIR_PATH}/Podfile.lock",
				"${PODS_ROOT}/Manifest.lock",
			);
			name = "[CP] Check Pods Manifest.lock";
			outputFileListPaths = (
			);
			outputPaths = (
				"$(DERIVED_FILE_DIR)/Pods-GTCompanion-checkManifestLockResult.txt",
			);
			runOnlyForDeploymentPostprocessing = 0;
			shellPath = /bin/sh;
			shellScript = "diff \"${PODS_PODFILE_DIR_PATH}/Podfile.lock\" \"${PODS_ROOT}/Manifest.lock\" > /dev/null\nif [ $? != 0 ] ; then\n    # print error to STDERR\n    echo \"error: The sandbox is not in sync with the Podfile.lock. Run 'pod install' or update your CocoaPods installation.\" >&2\n    exit 1\nfi\n# This output is used by Xcode 'outputs' to avoid re-running this script phase.\necho \"SUCCESS\" > \"${SCRIPT_OUTPUT_FILE_0}\"\n";
			showEnvVarsInLog = 0;
		};
		69994C5C05BFA4F1D0AB27DF /* [CP] Embed Pods Frameworks */ = {
			isa = PBXShellScriptBuildPhase;
			buildActionMask = 2147483647;
			files = (
			);
			inputFileListPaths = (
			);
			name = "[CP] Embed Pods Frameworks";
			outputFileListPaths = (
			);
			runOnlyForDeploymentPostprocessing = 0;
			shellPath = /bin/sh;
			shellScript = "\"${PODS_ROOT}/Target Support Files/Pods-GTCompanion/Pods-GTCompanion-frameworks.sh\"\n";
			showEnvVarsInLog = 0;
		};
/* End PBXShellScriptBuildPhase section */

/* Begin PBXSourcesBuildPhase section */
		297D9F5D23FA2CA40010575A /* Sources */ = {
			isa = PBXSourcesBuildPhase;
			buildActionMask = 2147483647;
			files = (
				29AC15302404A3B5004760B5 /* CohortsExplorerCohortExtension.swift in Sources */,
				29AC15212404A2CB004760B5 /* StaticTextCell.swift in Sources */,
				2991962B241738270003B8EB /* WEWarbandViewController.swift in Sources */,
				29AC151F2404A294004760B5 /* UIViewExtension.swift in Sources */,
				29AC152E2404A3B5004760B5 /* CETraitViewController.swift in Sources */,
				297D9F6523FA2CA40010575A /* AppDelegate.swift in Sources */,
				29AC15312404A3B5004760B5 /* CECardImageStore.swift in Sources */,
				29AC152C2404A3B5004760B5 /* CECohortViewController.swift in Sources */,
				29919629241726960003B8EB /* CECohortRosterViewController.swift in Sources */,
				2971E99024171B4200E92AC3 /* WarbandExplorerViewController.swift in Sources */,
				297D9F6723FA2CA40010575A /* SceneDelegate.swift in Sources */,
				2971E98A2411E49000E92AC3 /* StateController.swift in Sources */,
				29AC151D2404A261004760B5 /* SettingsViewController.swift in Sources */,
				29AC15232404A2E4004760B5 /* UITableViewExtension.swift in Sources */,
				29AC152D2404A3B5004760B5 /* CohortsExplorerViewController.swift in Sources */,
			);
			runOnlyForDeploymentPostprocessing = 0;
		};
		297D9F7323FA2CA60010575A /* Sources */ = {
			isa = PBXSourcesBuildPhase;
			buildActionMask = 2147483647;
			files = (
				297D9F7C23FA2CA60010575A /* GTCompanionTests.swift in Sources */,
			);
			runOnlyForDeploymentPostprocessing = 0;
		};
		297D9F7E23FA2CA60010575A /* Sources */ = {
			isa = PBXSourcesBuildPhase;
			buildActionMask = 2147483647;
			files = (
				297D9F8723FA2CA60010575A /* GTCompanionUITests.swift in Sources */,
			);
			runOnlyForDeploymentPostprocessing = 0;
		};
/* End PBXSourcesBuildPhase section */

/* Begin PBXTargetDependency section */
		297D9F7923FA2CA60010575A /* PBXTargetDependency */ = {
			isa = PBXTargetDependency;
			target = 297D9F6023FA2CA40010575A /* GTCompanion */;
			targetProxy = 297D9F7823FA2CA60010575A /* PBXContainerItemProxy */;
		};
		297D9F8423FA2CA60010575A /* PBXTargetDependency */ = {
			isa = PBXTargetDependency;
			target = 297D9F6023FA2CA40010575A /* GTCompanion */;
			targetProxy = 297D9F8323FA2CA60010575A /* PBXContainerItemProxy */;
		};
/* End PBXTargetDependency section */

/* Begin PBXVariantGroup section */
		297D9F6F23FA2CA60010575A /* LaunchScreen.storyboard */ = {
			isa = PBXVariantGroup;
			children = (
				297D9F7023FA2CA60010575A /* Base */,
			);
			name = LaunchScreen.storyboard;
			sourceTree = "<group>";
		};
/* End PBXVariantGroup section */

/* Begin XCBuildConfiguration section */
		297D9F8923FA2CA60010575A /* Debug */ = {
			isa = XCBuildConfiguration;
			buildSettings = {
				ALWAYS_SEARCH_USER_PATHS = NO;
				CLANG_ANALYZER_NONNULL = YES;
				CLANG_ANALYZER_NUMBER_OBJECT_CONVERSION = YES_AGGRESSIVE;
				CLANG_CXX_LANGUAGE_STANDARD = "gnu++14";
				CLANG_CXX_LIBRARY = "libc++";
				CLANG_ENABLE_MODULES = YES;
				CLANG_ENABLE_OBJC_ARC = YES;
				CLANG_ENABLE_OBJC_WEAK = YES;
				CLANG_WARN_BLOCK_CAPTURE_AUTORELEASING = YES;
				CLANG_WARN_BOOL_CONVERSION = YES;
				CLANG_WARN_COMMA = YES;
				CLANG_WARN_CONSTANT_CONVERSION = YES;
				CLANG_WARN_DEPRECATED_OBJC_IMPLEMENTATIONS = YES;
				CLANG_WARN_DIRECT_OBJC_ISA_USAGE = YES_ERROR;
				CLANG_WARN_DOCUMENTATION_COMMENTS = YES;
				CLANG_WARN_EMPTY_BODY = YES;
				CLANG_WARN_ENUM_CONVERSION = YES;
				CLANG_WARN_INFINITE_RECURSION = YES;
				CLANG_WARN_INT_CONVERSION = YES;
				CLANG_WARN_NON_LITERAL_NULL_CONVERSION = YES;
				CLANG_WARN_OBJC_IMPLICIT_RETAIN_SELF = YES;
				CLANG_WARN_OBJC_LITERAL_CONVERSION = YES;
				CLANG_WARN_OBJC_ROOT_CLASS = YES_ERROR;
				CLANG_WARN_RANGE_LOOP_ANALYSIS = YES;
				CLANG_WARN_STRICT_PROTOTYPES = YES;
				CLANG_WARN_SUSPICIOUS_MOVE = YES;
				CLANG_WARN_UNGUARDED_AVAILABILITY = YES_AGGRESSIVE;
				CLANG_WARN_UNREACHABLE_CODE = YES;
				CLANG_WARN__DUPLICATE_METHOD_MATCH = YES;
				COPY_PHASE_STRIP = NO;
				DEBUG_INFORMATION_FORMAT = dwarf;
				ENABLE_STRICT_OBJC_MSGSEND = YES;
				ENABLE_TESTABILITY = YES;
				GCC_C_LANGUAGE_STANDARD = gnu11;
				GCC_DYNAMIC_NO_PIC = NO;
				GCC_NO_COMMON_BLOCKS = YES;
				GCC_OPTIMIZATION_LEVEL = 0;
				GCC_PREPROCESSOR_DEFINITIONS = (
					"DEBUG=1",
					"$(inherited)",
				);
				GCC_WARN_64_TO_32_BIT_CONVERSION = YES;
				GCC_WARN_ABOUT_RETURN_TYPE = YES_ERROR;
				GCC_WARN_UNDECLARED_SELECTOR = YES;
				GCC_WARN_UNINITIALIZED_AUTOS = YES_AGGRESSIVE;
				GCC_WARN_UNUSED_FUNCTION = YES;
				GCC_WARN_UNUSED_VARIABLE = YES;
				IPHONEOS_DEPLOYMENT_TARGET = 13.2;
				MTL_ENABLE_DEBUG_INFO = INCLUDE_SOURCE;
				MTL_FAST_MATH = YES;
				ONLY_ACTIVE_ARCH = YES;
				SDKROOT = iphoneos;
				SWIFT_ACTIVE_COMPILATION_CONDITIONS = DEBUG;
				SWIFT_OPTIMIZATION_LEVEL = "-Onone";
			};
			name = Debug;
		};
		297D9F8A23FA2CA60010575A /* Release */ = {
			isa = XCBuildConfiguration;
			buildSettings = {
				ALWAYS_SEARCH_USER_PATHS = NO;
				CLANG_ANALYZER_NONNULL = YES;
				CLANG_ANALYZER_NUMBER_OBJECT_CONVERSION = YES_AGGRESSIVE;
				CLANG_CXX_LANGUAGE_STANDARD = "gnu++14";
				CLANG_CXX_LIBRARY = "libc++";
				CLANG_ENABLE_MODULES = YES;
				CLANG_ENABLE_OBJC_ARC = YES;
				CLANG_ENABLE_OBJC_WEAK = YES;
				CLANG_WARN_BLOCK_CAPTURE_AUTORELEASING = YES;
				CLANG_WARN_BOOL_CONVERSION = YES;
				CLANG_WARN_COMMA = YES;
				CLANG_WARN_CONSTANT_CONVERSION = YES;
				CLANG_WARN_DEPRECATED_OBJC_IMPLEMENTATIONS = YES;
				CLANG_WARN_DIRECT_OBJC_ISA_USAGE = YES_ERROR;
				CLANG_WARN_DOCUMENTATION_COMMENTS = YES;
				CLANG_WARN_EMPTY_BODY = YES;
				CLANG_WARN_ENUM_CONVERSION = YES;
				CLANG_WARN_INFINITE_RECURSION = YES;
				CLANG_WARN_INT_CONVERSION = YES;
				CLANG_WARN_NON_LITERAL_NULL_CONVERSION = YES;
				CLANG_WARN_OBJC_IMPLICIT_RETAIN_SELF = YES;
				CLANG_WARN_OBJC_LITERAL_CONVERSION = YES;
				CLANG_WARN_OBJC_ROOT_CLASS = YES_ERROR;
				CLANG_WARN_RANGE_LOOP_ANALYSIS = YES;
				CLANG_WARN_STRICT_PROTOTYPES = YES;
				CLANG_WARN_SUSPICIOUS_MOVE = YES;
				CLANG_WARN_UNGUARDED_AVAILABILITY = YES_AGGRESSIVE;
				CLANG_WARN_UNREACHABLE_CODE = YES;
				CLANG_WARN__DUPLICATE_METHOD_MATCH = YES;
				COPY_PHASE_STRIP = NO;
				DEBUG_INFORMATION_FORMAT = "dwarf-with-dsym";
				ENABLE_NS_ASSERTIONS = NO;
				ENABLE_STRICT_OBJC_MSGSEND = YES;
				GCC_C_LANGUAGE_STANDARD = gnu11;
				GCC_NO_COMMON_BLOCKS = YES;
				GCC_WARN_64_TO_32_BIT_CONVERSION = YES;
				GCC_WARN_ABOUT_RETURN_TYPE = YES_ERROR;
				GCC_WARN_UNDECLARED_SELECTOR = YES;
				GCC_WARN_UNINITIALIZED_AUTOS = YES_AGGRESSIVE;
				GCC_WARN_UNUSED_FUNCTION = YES;
				GCC_WARN_UNUSED_VARIABLE = YES;
				IPHONEOS_DEPLOYMENT_TARGET = 13.2;
				MTL_ENABLE_DEBUG_INFO = NO;
				MTL_FAST_MATH = YES;
				SDKROOT = iphoneos;
				SWIFT_COMPILATION_MODE = wholemodule;
				SWIFT_OPTIMIZATION_LEVEL = "-O";
				VALIDATE_PRODUCT = YES;
			};
			name = Release;
		};
		297D9F8C23FA2CA60010575A /* Debug */ = {
			isa = XCBuildConfiguration;
			baseConfigurationReference = 3E8C66F748D1C3CBE0239DEA /* Pods-GTCompanion.debug.xcconfig */;
			buildSettings = {
				ASSETCATALOG_COMPILER_APPICON_NAME = AppIcon;
				CODE_SIGN_STYLE = Automatic;
				DEVELOPMENT_TEAM = 74QY343VGJ;
				INFOPLIST_FILE = GTCompanion/Info.plist;
				LD_RUNPATH_SEARCH_PATHS = (
					"$(inherited)",
					"@executable_path/Frameworks",
				);
				OTHER_LDFLAGS = (
					"$(inherited)",
					"-ObjC",
					"-l\"c++\"",
					"-framework",
					"\"MultiPlatformLibrary\"",
					"-lsqlite3",
				);
				PRODUCT_BUNDLE_IDENTIFIER = io.thumbcat.oss.GTCompanion;
				PRODUCT_NAME = "$(TARGET_NAME)";
				SWIFT_VERSION = 5.0;
				TARGETED_DEVICE_FAMILY = "1,2";
			};
			name = Debug;
		};
		297D9F8D23FA2CA60010575A /* Release */ = {
			isa = XCBuildConfiguration;
			baseConfigurationReference = B1F8F05BD67FE06B00C98A2A /* Pods-GTCompanion.release.xcconfig */;
			buildSettings = {
				ASSETCATALOG_COMPILER_APPICON_NAME = AppIcon;
				CODE_SIGN_STYLE = Automatic;
				DEVELOPMENT_TEAM = 74QY343VGJ;
				INFOPLIST_FILE = GTCompanion/Info.plist;
				LD_RUNPATH_SEARCH_PATHS = (
					"$(inherited)",
					"@executable_path/Frameworks",
				);
				OTHER_LDFLAGS = (
					"$(inherited)",
					"-ObjC",
					"-l\"c++\"",
					"-framework",
					"\"MultiPlatformLibrary\"",
					"-lsqlite3",
				);
				PRODUCT_BUNDLE_IDENTIFIER = io.thumbcat.oss.GTCompanion;
				PRODUCT_NAME = "$(TARGET_NAME)";
				SWIFT_VERSION = 5.0;
				TARGETED_DEVICE_FAMILY = "1,2";
			};
			name = Release;
		};
		297D9F8F23FA2CA60010575A /* Debug */ = {
			isa = XCBuildConfiguration;
			buildSettings = {
				ALWAYS_EMBED_SWIFT_STANDARD_LIBRARIES = YES;
				BUNDLE_LOADER = "$(TEST_HOST)";
				CODE_SIGN_STYLE = Automatic;
				DEVELOPMENT_TEAM = 74QY343VGJ;
				INFOPLIST_FILE = GTCompanionTests/Info.plist;
				IPHONEOS_DEPLOYMENT_TARGET = 13.2;
				LD_RUNPATH_SEARCH_PATHS = (
					"$(inherited)",
					"@executable_path/Frameworks",
					"@loader_path/Frameworks",
				);
				PRODUCT_BUNDLE_IDENTIFIER = io.thumbcat.oss.GTCompanionTests;
				PRODUCT_NAME = "$(TARGET_NAME)";
				SWIFT_VERSION = 5.0;
				TARGETED_DEVICE_FAMILY = "1,2";
				TEST_HOST = "$(BUILT_PRODUCTS_DIR)/GTCompanion.app/GTCompanion";
			};
			name = Debug;
		};
		297D9F9023FA2CA60010575A /* Release */ = {
			isa = XCBuildConfiguration;
			buildSettings = {
				ALWAYS_EMBED_SWIFT_STANDARD_LIBRARIES = YES;
				BUNDLE_LOADER = "$(TEST_HOST)";
				CODE_SIGN_STYLE = Automatic;
				DEVELOPMENT_TEAM = 74QY343VGJ;
				INFOPLIST_FILE = GTCompanionTests/Info.plist;
				IPHONEOS_DEPLOYMENT_TARGET = 13.2;
				LD_RUNPATH_SEARCH_PATHS = (
					"$(inherited)",
					"@executable_path/Frameworks",
					"@loader_path/Frameworks",
				);
				PRODUCT_BUNDLE_IDENTIFIER = io.thumbcat.oss.GTCompanionTests;
				PRODUCT_NAME = "$(TARGET_NAME)";
				SWIFT_VERSION = 5.0;
				TARGETED_DEVICE_FAMILY = "1,2";
				TEST_HOST = "$(BUILT_PRODUCTS_DIR)/GTCompanion.app/GTCompanion";
			};
			name = Release;
		};
		297D9F9223FA2CA60010575A /* Debug */ = {
			isa = XCBuildConfiguration;
			buildSettings = {
				ALWAYS_EMBED_SWIFT_STANDARD_LIBRARIES = YES;
				CODE_SIGN_STYLE = Automatic;
				DEVELOPMENT_TEAM = 74QY343VGJ;
				INFOPLIST_FILE = GTCompanionUITests/Info.plist;
				LD_RUNPATH_SEARCH_PATHS = (
					"$(inherited)",
					"@executable_path/Frameworks",
					"@loader_path/Frameworks",
				);
				PRODUCT_BUNDLE_IDENTIFIER = io.thumbcat.oss.GTCompanionUITests;
				PRODUCT_NAME = "$(TARGET_NAME)";
				SWIFT_VERSION = 5.0;
				TARGETED_DEVICE_FAMILY = "1,2";
				TEST_TARGET_NAME = GTCompanion;
			};
			name = Debug;
		};
		297D9F9323FA2CA60010575A /* Release */ = {
			isa = XCBuildConfiguration;
			buildSettings = {
				ALWAYS_EMBED_SWIFT_STANDARD_LIBRARIES = YES;
				CODE_SIGN_STYLE = Automatic;
				DEVELOPMENT_TEAM = 74QY343VGJ;
				INFOPLIST_FILE = GTCompanionUITests/Info.plist;
				LD_RUNPATH_SEARCH_PATHS = (
					"$(inherited)",
					"@executable_path/Frameworks",
					"@loader_path/Frameworks",
				);
				PRODUCT_BUNDLE_IDENTIFIER = io.thumbcat.oss.GTCompanionUITests;
				PRODUCT_NAME = "$(TARGET_NAME)";
				SWIFT_VERSION = 5.0;
				TARGETED_DEVICE_FAMILY = "1,2";
				TEST_TARGET_NAME = GTCompanion;
			};
			name = Release;
		};
/* End XCBuildConfiguration section */

/* Begin XCConfigurationList section */
		297D9F5C23FA2CA40010575A /* Build configuration list for PBXProject "GTCompanion" */ = {
			isa = XCConfigurationList;
			buildConfigurations = (
				297D9F8923FA2CA60010575A /* Debug */,
				297D9F8A23FA2CA60010575A /* Release */,
			);
			defaultConfigurationIsVisible = 0;
			defaultConfigurationName = Release;
		};
		297D9F8B23FA2CA60010575A /* Build configuration list for PBXNativeTarget "GTCompanion" */ = {
			isa = XCConfigurationList;
			buildConfigurations = (
				297D9F8C23FA2CA60010575A /* Debug */,
				297D9F8D23FA2CA60010575A /* Release */,
			);
			defaultConfigurationIsVisible = 0;
			defaultConfigurationName = Release;
		};
		297D9F8E23FA2CA60010575A /* Build configuration list for PBXNativeTarget "GTCompanionTests" */ = {
			isa = XCConfigurationList;
			buildConfigurations = (
				297D9F8F23FA2CA60010575A /* Debug */,
				297D9F9023FA2CA60010575A /* Release */,
			);
			defaultConfigurationIsVisible = 0;
			defaultConfigurationName = Release;
		};
		297D9F9123FA2CA60010575A /* Build configuration list for PBXNativeTarget "GTCompanionUITests" */ = {
			isa = XCConfigurationList;
			buildConfigurations = (
				297D9F9223FA2CA60010575A /* Debug */,
				297D9F9323FA2CA60010575A /* Release */,
			);
			defaultConfigurationIsVisible = 0;
			defaultConfigurationName = Release;
		};
/* End XCConfigurationList section */
	};
	rootObject = 297D9F5923FA2CA40010575A /* Project object */;
}
